
Microsoft Visual Studio Solution File, Format Version 12.00
# Visual Studio Version 16
VisualStudioVersion = 16.0.29926.136
MinimumVisualStudioVersion = 10.0.40219.1
Project("{FAE04EC0-301F-11D3-BF4B-00C04F79EFBC}") = "ADODotNet", "ADODotNet\ADODotNet.csproj", "{C63A4692-B0D5-4CD4-9949-C4819D897799}"
EndProject
Project("{FAE04EC0-301F-11D3-BF4B-00C04F79EFBC}") = "AutoLotDAL", "AutoLotDAL\AutoLotDAL.csproj", "{6D768689-0E23-4B08-87C6-B94B86AD686D}"
EndProject
Project("{FAE04EC0-301F-11D3-BF4B-00C04F79EFBC}") = "AutoLotDALClient", "AutoLotDALClient\AutoLotDALClient.csproj", "{EEAA850A-6506-49B1-B9BF-B98B6C3DB1BB}"
EndProject
Project("{FAE04EC0-301F-11D3-BF4B-00C04F79EFBC}") = "AutoLotConsoleApp", "AutoLotConsoleApp\AutoLotConsoleApp.csproj", "{DE51BF99-2F46-4861-91C0-DF72BD93C881}"
EndProject
Global
	GlobalSection(SolutionConfigurationPlatforms) = preSolution
		Debug|Any CPU = Debug|Any CPU
		Release|Any CPU = Release|Any CPU
	EndGlobalSection
	GlobalSection(ProjectConfigurationPlatforms) = postSolution
		{C63A4692-B0D5-4CD4-9949-C4819D897799}.Debug|Any CPU.ActiveCfg = Debug|Any CPU
		{C63A4692-B0D5-4CD4-9949-C4819D897799}.Debug|Any CPU.Build.0 = Debug|Any CPU
		{C63A4692-B0D5-4CD4-9949-C4819D897799}.Release|Any CPU.ActiveCfg = Release|Any CPU
		{C63A4692-B0D5-4CD4-9949-C4819D897799}.Release|Any CPU.Build.0 = Release|Any CPU
		{6D768689-0E23-4B08-87C6-B94B86AD686D}.Debug|Any CPU.ActiveCfg = Debug|Any CPU
		{6D768689-0E23-4B08-87C6-B94B86AD686D}.Debug|Any CPU.Build.0 = Debug|Any CPU
		{6D768689-0E23-4B08-87C6-B94B86AD686D}.Release|Any CPU.ActiveCfg = Release|Any CPU
		{6D768689-0E23-4B08-87C6-B94B86AD686D}.Release|Any CPU.Build.0 = Release|Any CPU
		{EEAA850A-6506-49B1-B9BF-B98B6C3DB1BB}.Debug|Any CPU.ActiveCfg = Debug|Any CPU
		{EEAA850A-6506-49B1-B9BF-B98B6C3DB1BB}.Debug|Any CPU.Build.0 = Debug|Any CPU
		{EEAA850A-6506-49B1-B9BF-B98B6C3DB1BB}.Release|Any CPU.ActiveCfg = Release|Any CPU
		{EEAA850A-6506-49B1-B9BF-B98B6C3DB1BB}.Release|Any CPU.Build.0 = Release|Any CPU
		{DE51BF99-2F46-4861-91C0-DF72BD93C881}.Debug|Any CPU.ActiveCfg = Debug|Any CPU
		{DE51BF99-2F46-4861-91C0-DF72BD93C881}.Debug|Any CPU.Build.0 = Debug|Any CPU
		{DE51BF99-2F46-4861-91C0-DF72BD93C881}.Release|Any CPU.ActiveCfg = Release|Any CPU
		{DE51BF99-2F46-4861-91C0-DF72BD93C881}.Release|Any CPU.Build.0 = Release|Any CPU
	EndGlobalSection
	GlobalSection(SolutionProperties) = preSolution
		HideSolutionNode = FALSE
	EndGlobalSection
	GlobalSection(ExtensibilityGlobals) = postSolution
		SolutionGuid = {FDDC8E18-C1BA-48D2-9D83-DBBAC191651A}
	EndGlobalSection
EndGlobal
